
Microsoft Visual Studio Solution File, Format Version 12.00
Project("{FAE04EC0-301F-11D3-BF4B-00C04F79EFBC}") = "VacuumModifications", "VacuumModifications.csproj", "{4E6B93BD-2B83-40CC-84BF-4201FF5D8E96}"
EndProject
Global
	GlobalSection(SolutionConfigurationPlatforms) = preSolution
		Debug|Any CPU = Debug|Any CPU
		Release|Any CPU = Release|Any CPU
	EndGlobalSection
	GlobalSection(ProjectConfigurationPlatforms) = postSolution
		{4E6B93BD-2B83-40CC-84BF-4201FF5D8E96}.Debug|Any CPU.ActiveCfg = Debug|Any CPU
		{4E6B93BD-2B83-40CC-84BF-4201FF5D8E96}.Debug|Any CPU.Build.0 = Debug|Any CPU
		{4E6B93BD-2B83-40CC-84BF-4201FF5D8E96}.Release|Any CPU.ActiveCfg = Release|Any CPU
		{4E6B93BD-2B83-40CC-84BF-4201FF5D8E96}.Release|Any CPU.Build.0 = Release|Any CPU
	EndGlobalSection
EndGlobal
